
Microsoft Visual Studio Solution File, Format Version 12.00
# Visual Studio 15
VisualStudioVersion = 15.0.33529.398
MinimumVisualStudioVersion = 10.0.40219.1
Project("{9A19103F-16F7-4668-BE54-9A1E7A4F7556}") = "RekenmachineStaartdeling", "RekenmachineStaartdeling.csproj", "{C101D0D3-4290-4BF3-B471-A86DA35E7DCD}"
EndProject
Global
	GlobalSection(SolutionConfigurationPlatforms) = preSolution
		Debug|Any CPU = Debug|Any CPU
		Release|Any CPU = Release|Any CPU
	EndGlobalSection
	GlobalSection(ProjectConfigurationPlatforms) = postSolution
		{C101D0D3-4290-4BF3-B471-A86DA35E7DCD}.Debug|Any CPU.ActiveCfg = Debug|Any CPU
		{C101D0D3-4290-4BF3-B471-A86DA35E7DCD}.Debug|Any CPU.Build.0 = Debug|Any CPU
		{C101D0D3-4290-4BF3-B471-A86DA35E7DCD}.Release|Any CPU.ActiveCfg = Release|Any CPU
		{C101D0D3-4290-4BF3-B471-A86DA35E7DCD}.Release|Any CPU.Build.0 = Release|Any CPU
	EndGlobalSection
	GlobalSection(SolutionProperties) = preSolution
		HideSolutionNode = FALSE
	EndGlobalSection
	GlobalSection(ExtensibilityGlobals) = postSolution
		SolutionGuid = {3A9664E4-30A8-42DE-8F56-6AFE6FB9E32A}
	EndGlobalSection
EndGlobal
